
Microsoft Visual Studio Solution File, Format Version 12.00
# Visual Studio Version 17
VisualStudioVersion = 17.6.33829.357
MinimumVisualStudioVersion = 10.0.40219.1
Project("{FAE04EC0-301F-11D3-BF4B-00C04F79EFBC}") = "Resolução.de.Problema.02", "Resolução.de.Problema.02\Resolução.de.Problema.02.csproj", "{C0829D2B-D23E-48F8-95EC-2680895DF688}"
EndProject
Global
	GlobalSection(SolutionConfigurationPlatforms) = preSolution
		Debug|Any CPU = Debug|Any CPU
		Release|Any CPU = Release|Any CPU
	EndGlobalSection
	GlobalSection(ProjectConfigurationPlatforms) = postSolution
		{C0829D2B-D23E-48F8-95EC-2680895DF688}.Debug|Any CPU.ActiveCfg = Debug|Any CPU
		{C0829D2B-D23E-48F8-95EC-2680895DF688}.Debug|Any CPU.Build.0 = Debug|Any CPU
		{C0829D2B-D23E-48F8-95EC-2680895DF688}.Release|Any CPU.ActiveCfg = Release|Any CPU
		{C0829D2B-D23E-48F8-95EC-2680895DF688}.Release|Any CPU.Build.0 = Release|Any CPU
	EndGlobalSection
	GlobalSection(SolutionProperties) = preSolution
		HideSolutionNode = FALSE
	EndGlobalSection
	GlobalSection(ExtensibilityGlobals) = postSolution
		SolutionGuid = {BA96DBDF-377A-4C51-B8E9-993FD5EA2767}
	EndGlobalSection
EndGlobal
